
Microsoft Visual Studio Solution File, Format Version 10.00
# Visual Studio 2008
Project("{8BC9CEB8-8B4A-11D0-8D11-00A0C91BC942}") = "TunTapTest", "TunTapTest\TunTapTest.vcproj", "{31194E8D-DB7F-4A47-BA8E-DCC5EA3B0ED8}"
EndProject
Project("{8BC9CEB8-8B4A-11D0-8D11-00A0C91BC942}") = "test", "test\test.vcproj", "{30D4092A-CC53-4BE0-8908-04E60EB5B352}"
EndProject
Global
	GlobalSection(SolutionConfigurationPlatforms) = preSolution
		Debug|Win32 = Debug|Win32
		Release|Win32 = Release|Win32
	EndGlobalSection
	GlobalSection(ProjectConfigurationPlatforms) = postSolution
		{31194E8D-DB7F-4A47-BA8E-DCC5EA3B0ED8}.Debug|Win32.ActiveCfg = Debug|Win32
		{31194E8D-DB7F-4A47-BA8E-DCC5EA3B0ED8}.Debug|Win32.Build.0 = Debug|Win32
		{31194E8D-DB7F-4A47-BA8E-DCC5EA3B0ED8}.Release|Win32.ActiveCfg = Release|Win32
		{31194E8D-DB7F-4A47-BA8E-DCC5EA3B0ED8}.Release|Win32.Build.0 = Release|Win32
		{30D4092A-CC53-4BE0-8908-04E60EB5B352}.Debug|Win32.ActiveCfg = Debug|Win32
		{30D4092A-CC53-4BE0-8908-04E60EB5B352}.Debug|Win32.Build.0 = Debug|Win32
		{30D4092A-CC53-4BE0-8908-04E60EB5B352}.Release|Win32.ActiveCfg = Release|Win32
		{30D4092A-CC53-4BE0-8908-04E60EB5B352}.Release|Win32.Build.0 = Release|Win32
	EndGlobalSection
	GlobalSection(SolutionProperties) = preSolution
		HideSolutionNode = FALSE
	EndGlobalSection
EndGlobal
