
Microsoft Visual Studio Solution File, Format Version 12.00
# Visual Studio 2012
Project("{8BC9CEB8-8B4A-11D0-8D11-00A0C91BC942}") = "TunTapTest", "TunTapTest\TunTapTest.vcxproj", "{B5E79742-FC91-4DD9-B1FB-1E56C47E147C}"
EndProject
Global
	GlobalSection(SolutionConfigurationPlatforms) = preSolution
		Debug|Win32 = Debug|Win32
		Release|Win32 = Release|Win32
	EndGlobalSection
	GlobalSection(ProjectConfigurationPlatforms) = postSolution
		{B5E79742-FC91-4DD9-B1FB-1E56C47E147C}.Debug|Win32.ActiveCfg = Debug|Win32
		{B5E79742-FC91-4DD9-B1FB-1E56C47E147C}.Debug|Win32.Build.0 = Debug|Win32
		{B5E79742-FC91-4DD9-B1FB-1E56C47E147C}.Release|Win32.ActiveCfg = Release|Win32
		{B5E79742-FC91-4DD9-B1FB-1E56C47E147C}.Release|Win32.Build.0 = Release|Win32
	EndGlobalSection
	GlobalSection(SolutionProperties) = preSolution
		HideSolutionNode = FALSE
	EndGlobalSection
EndGlobal
